
Microsoft Visual Studio Solution File, Format Version 12.00
# Visual Studio 14
VisualStudioVersion = 14.0.25420.1
MinimumVisualStudioVersion = 10.0.40219.1
Project("{FAE04EC0-301F-11D3-BF4B-00C04F79EFBC}") = "Farkle", "Farkle\Farkle.csproj", "{2D259D28-1395-4BF5-9CFF-FA6D027F48DC}"
EndProject
Project("{FAE04EC0-301F-11D3-BF4B-00C04F79EFBC}") = "View", "View\View.csproj", "{CCD172D6-1231-4BB5-B7F0-4E3B6B3D346D}"
EndProject
Project("{FAE04EC0-301F-11D3-BF4B-00C04F79EFBC}") = "ViewModel", "ViewModel\ViewModel.csproj", "{DDB0587B-8B47-47D9-B83D-7F72537D089B}"
EndProject
Global
	GlobalSection(SolutionConfigurationPlatforms) = preSolution
		Debug|Any CPU = Debug|Any CPU
		Release|Any CPU = Release|Any CPU
	EndGlobalSection
	GlobalSection(ProjectConfigurationPlatforms) = postSolution
		{2D259D28-1395-4BF5-9CFF-FA6D027F48DC}.Debug|Any CPU.ActiveCfg = Debug|Any CPU
		{2D259D28-1395-4BF5-9CFF-FA6D027F48DC}.Debug|Any CPU.Build.0 = Debug|Any CPU
		{2D259D28-1395-4BF5-9CFF-FA6D027F48DC}.Release|Any CPU.ActiveCfg = Release|Any CPU
		{2D259D28-1395-4BF5-9CFF-FA6D027F48DC}.Release|Any CPU.Build.0 = Release|Any CPU
		{CCD172D6-1231-4BB5-B7F0-4E3B6B3D346D}.Debug|Any CPU.ActiveCfg = Debug|Any CPU
		{CCD172D6-1231-4BB5-B7F0-4E3B6B3D346D}.Debug|Any CPU.Build.0 = Debug|Any CPU
		{CCD172D6-1231-4BB5-B7F0-4E3B6B3D346D}.Release|Any CPU.ActiveCfg = Release|Any CPU
		{CCD172D6-1231-4BB5-B7F0-4E3B6B3D346D}.Release|Any CPU.Build.0 = Release|Any CPU
		{DDB0587B-8B47-47D9-B83D-7F72537D089B}.Debug|Any CPU.ActiveCfg = Debug|Any CPU
		{DDB0587B-8B47-47D9-B83D-7F72537D089B}.Debug|Any CPU.Build.0 = Debug|Any CPU
		{DDB0587B-8B47-47D9-B83D-7F72537D089B}.Release|Any CPU.ActiveCfg = Release|Any CPU
		{DDB0587B-8B47-47D9-B83D-7F72537D089B}.Release|Any CPU.Build.0 = Release|Any CPU
	EndGlobalSection
	GlobalSection(SolutionProperties) = preSolution
		HideSolutionNode = FALSE
	EndGlobalSection
EndGlobal
